
Microsoft Visual Studio Solution File, Format Version 12.00
# Visual Studio 15
VisualStudioVersion = 15.0.28010.2003
MinimumVisualStudioVersion = 10.0.40219.1
Project("{FAE04EC0-301F-11D3-BF4B-00C04F79EFBC}") = "XF2", "XF2\XF2\XF2.csproj", "{A1F22658-6671-4942-8581-63D486E5B3A8}"
EndProject
Project("{FAE04EC0-301F-11D3-BF4B-00C04F79EFBC}") = "XF2.WPF", "XF2.WPF\XF2.WPF.csproj", "{44B4DDC6-DC35-4056-9FEF-436AD267B617}"
EndProject
Global
	GlobalSection(SolutionConfigurationPlatforms) = preSolution
		Debug|Any CPU = Debug|Any CPU
		Debug|ARM = Debug|ARM
		Debug|x64 = Debug|x64
		Debug|x86 = Debug|x86
		Release|Any CPU = Release|Any CPU
		Release|ARM = Release|ARM
		Release|x64 = Release|x64
		Release|x86 = Release|x86
	EndGlobalSection
	GlobalSection(ProjectConfigurationPlatforms) = postSolution
		{A1F22658-6671-4942-8581-63D486E5B3A8}.Debug|Any CPU.ActiveCfg = Debug|Any CPU
		{A1F22658-6671-4942-8581-63D486E5B3A8}.Debug|Any CPU.Build.0 = Debug|Any CPU
		{A1F22658-6671-4942-8581-63D486E5B3A8}.Debug|Any CPU.Deploy.0 = Debug|Any CPU
		{A1F22658-6671-4942-8581-63D486E5B3A8}.Debug|ARM.ActiveCfg = Debug|Any CPU
		{A1F22658-6671-4942-8581-63D486E5B3A8}.Debug|ARM.Build.0 = Debug|Any CPU
		{A1F22658-6671-4942-8581-63D486E5B3A8}.Debug|ARM.Deploy.0 = Debug|Any CPU
		{A1F22658-6671-4942-8581-63D486E5B3A8}.Debug|x64.ActiveCfg = Debug|Any CPU
		{A1F22658-6671-4942-8581-63D486E5B3A8}.Debug|x64.Build.0 = Debug|Any CPU
		{A1F22658-6671-4942-8581-63D486E5B3A8}.Debug|x64.Deploy.0 = Debug|Any CPU
		{A1F22658-6671-4942-8581-63D486E5B3A8}.Debug|x86.ActiveCfg = Debug|Any CPU
		{A1F22658-6671-4942-8581-63D486E5B3A8}.Debug|x86.Build.0 = Debug|Any CPU
		{A1F22658-6671-4942-8581-63D486E5B3A8}.Debug|x86.Deploy.0 = Debug|Any CPU
		{A1F22658-6671-4942-8581-63D486E5B3A8}.Release|Any CPU.ActiveCfg = Release|Any CPU
		{A1F22658-6671-4942-8581-63D486E5B3A8}.Release|Any CPU.Build.0 = Release|Any CPU
		{A1F22658-6671-4942-8581-63D486E5B3A8}.Release|Any CPU.Deploy.0 = Release|Any CPU
		{A1F22658-6671-4942-8581-63D486E5B3A8}.Release|ARM.ActiveCfg = Release|Any CPU
		{A1F22658-6671-4942-8581-63D486E5B3A8}.Release|ARM.Build.0 = Release|Any CPU
		{A1F22658-6671-4942-8581-63D486E5B3A8}.Release|ARM.Deploy.0 = Release|Any CPU
		{A1F22658-6671-4942-8581-63D486E5B3A8}.Release|x64.ActiveCfg = Release|Any CPU
		{A1F22658-6671-4942-8581-63D486E5B3A8}.Release|x64.Build.0 = Release|Any CPU
		{A1F22658-6671-4942-8581-63D486E5B3A8}.Release|x64.Deploy.0 = Release|Any CPU
		{A1F22658-6671-4942-8581-63D486E5B3A8}.Release|x86.ActiveCfg = Release|Any CPU
		{A1F22658-6671-4942-8581-63D486E5B3A8}.Release|x86.Build.0 = Release|Any CPU
		{A1F22658-6671-4942-8581-63D486E5B3A8}.Release|x86.Deploy.0 = Release|Any CPU
		{44B4DDC6-DC35-4056-9FEF-436AD267B617}.Debug|Any CPU.ActiveCfg = Debug|Any CPU
		{44B4DDC6-DC35-4056-9FEF-436AD267B617}.Debug|Any CPU.Build.0 = Debug|Any CPU
		{44B4DDC6-DC35-4056-9FEF-436AD267B617}.Debug|ARM.ActiveCfg = Debug|Any CPU
		{44B4DDC6-DC35-4056-9FEF-436AD267B617}.Debug|ARM.Build.0 = Debug|Any CPU
		{44B4DDC6-DC35-4056-9FEF-436AD267B617}.Debug|x64.ActiveCfg = Debug|Any CPU
		{44B4DDC6-DC35-4056-9FEF-436AD267B617}.Debug|x64.Build.0 = Debug|Any CPU
		{44B4DDC6-DC35-4056-9FEF-436AD267B617}.Debug|x86.ActiveCfg = Debug|Any CPU
		{44B4DDC6-DC35-4056-9FEF-436AD267B617}.Debug|x86.Build.0 = Debug|Any CPU
		{44B4DDC6-DC35-4056-9FEF-436AD267B617}.Release|Any CPU.ActiveCfg = Release|Any CPU
		{44B4DDC6-DC35-4056-9FEF-436AD267B617}.Release|Any CPU.Build.0 = Release|Any CPU
		{44B4DDC6-DC35-4056-9FEF-436AD267B617}.Release|ARM.ActiveCfg = Release|Any CPU
		{44B4DDC6-DC35-4056-9FEF-436AD267B617}.Release|ARM.Build.0 = Release|Any CPU
		{44B4DDC6-DC35-4056-9FEF-436AD267B617}.Release|x64.ActiveCfg = Release|Any CPU
		{44B4DDC6-DC35-4056-9FEF-436AD267B617}.Release|x64.Build.0 = Release|Any CPU
		{44B4DDC6-DC35-4056-9FEF-436AD267B617}.Release|x86.ActiveCfg = Release|Any CPU
		{44B4DDC6-DC35-4056-9FEF-436AD267B617}.Release|x86.Build.0 = Release|Any CPU
	EndGlobalSection
	GlobalSection(SolutionProperties) = preSolution
		HideSolutionNode = FALSE
	EndGlobalSection
	GlobalSection(ExtensibilityGlobals) = postSolution
		SolutionGuid = {140ACB8F-B306-4AD7-9FB6-6ED807948809}
	EndGlobalSection
EndGlobal
